Microsoft Visual Studio Solution File, Format Version 11.00
# Visual Studio 2008

Project("{4E584275-948F-D121-1D4F-546BA3ABF7E7}") = "TurretGame", "Assembly-CSharp-vs.csproj", "{5531F5D2-1B1D-25D9-81D3-76F1B281E26C}"
EndProject
Global
	GlobalSection(SolutionConfigurationPlatforms) = preSolution
		Debug|Any CPU = Debug|Any CPU
		Release|Any CPU = Release|Any CPU
	EndGlobalSection
	GlobalSection(ProjectConfigurationPlatforms) = postSolution
		{5531F5D2-1B1D-25D9-81D3-76F1B281E26C}.Debug|Any CPU.ActiveCfg = Debug|Any CPU
		{5531F5D2-1B1D-25D9-81D3-76F1B281E26C}.Debug|Any CPU.Build.0 = Debug|Any CPU
		{5531F5D2-1B1D-25D9-81D3-76F1B281E26C}.Release|Any CPU.ActiveCfg = Release|Any CPU
		{5531F5D2-1B1D-25D9-81D3-76F1B281E26C}.Release|Any CPU.Build.0 = Release|Any CPU
	EndGlobalSection
	GlobalSection(SolutionProperties) = preSolution
		HideSolutionNode = FALSE
	EndGlobalSection
																				GlobalSection(MonoDevelopProperties) = preSolution
		StartupItem = Assembly-CSharp.csproj
		Policies = $0
		$0.TextStylePolicy = $1
		$1.inheritsSet = null
		$1.scope = text/x-csharp
		$0.CSharpFormattingPolicy = $2
		$2.inheritsSet = Mono
		$2.inheritsScope = text/x-csharp
		$2.scope = text/x-csharp
		$0.TextStylePolicy = $3
		$3.FileWidth = 120
		$3.TabWidth = 4
		$3.EolMarker = Unix
		$3.inheritsSet = Mono
		$3.inheritsScope = text/plain
		$3.scope = text/plain
	EndGlobalSection

EndGlobal
